
Microsoft Visual Studio Solution File, Format Version 12.00
# Visual Studio Version 17
VisualStudioVersion = 17.3.32929.385
MinimumVisualStudioVersion = 10.0.40219.1
Project("{9A19103F-16F7-4668-BE54-9A1E7A4F7556}") = "KWEngine3", "KWEngine3\KWEngine3.csproj", "{410416E5-1366-4E85-A52C-28F9403C4C09}"
EndProject
Project("{9A19103F-16F7-4668-BE54-9A1E7A4F7556}") = "KWEngine3TestProject", "KWEngine3TestProject\KWEngine3TestProject.csproj", "{32C50921-0265-4DED-B2B4-3DCD3C642445}"
	ProjectSection(ProjectDependencies) = postProject
		{410416E5-1366-4E85-A52C-28F9403C4C09} = {410416E5-1366-4E85-A52C-28F9403C4C09}
	EndProjectSection
EndProject
Project("{2150E333-8FDC-42A3-9474-1A3956D46DE8}") = "Solution Items", "Solution Items", "{5B4DF354-F75D-4B5C-8555-225CC6D01E7A}"
EndProject
Global
	GlobalSection(SolutionConfigurationPlatforms) = preSolution
		Debug|Any CPU = Debug|Any CPU
		Release|Any CPU = Release|Any CPU
	EndGlobalSection
	GlobalSection(ProjectConfigurationPlatforms) = postSolution
		{410416E5-1366-4E85-A52C-28F9403C4C09}.Debug|Any CPU.ActiveCfg = Debug|Any CPU
		{410416E5-1366-4E85-A52C-28F9403C4C09}.Debug|Any CPU.Build.0 = Debug|Any CPU
		{410416E5-1366-4E85-A52C-28F9403C4C09}.Release|Any CPU.ActiveCfg = Release|Any CPU
		{410416E5-1366-4E85-A52C-28F9403C4C09}.Release|Any CPU.Build.0 = Release|Any CPU
		{32C50921-0265-4DED-B2B4-3DCD3C642445}.Debug|Any CPU.ActiveCfg = Debug|Any CPU
		{32C50921-0265-4DED-B2B4-3DCD3C642445}.Debug|Any CPU.Build.0 = Debug|Any CPU
		{32C50921-0265-4DED-B2B4-3DCD3C642445}.Release|Any CPU.ActiveCfg = Release|Any CPU
		{32C50921-0265-4DED-B2B4-3DCD3C642445}.Release|Any CPU.Build.0 = Release|Any CPU
	EndGlobalSection
	GlobalSection(SolutionProperties) = preSolution
		HideSolutionNode = FALSE
	EndGlobalSection
	GlobalSection(ExtensibilityGlobals) = postSolution
		SolutionGuid = {636E0614-2ADA-45E5-8D7B-33AC4D322C87}
	EndGlobalSection
EndGlobal
